
Microsoft Visual Studio Solution File, Format Version 12.00
# Visual Studio Version 17
VisualStudioVersion = 17.5.002.0
MinimumVisualStudioVersion = 10.0.40219.1
Project("{9A19103F-16F7-4668-BE54-9A1E7A4F7556}") = "BreadNMadBakery", "BreadNMadBakery.csproj", "{D49AD015-2F5B-4435-B8A8-4965205055C9}"
EndProject
Global
	GlobalSection(SolutionConfigurationPlatforms) = preSolution
		Debug|Any CPU = Debug|Any CPU
		Release|Any CPU = Release|Any CPU
	EndGlobalSection
	GlobalSection(ProjectConfigurationPlatforms) = postSolution
		{D49AD015-2F5B-4435-B8A8-4965205055C9}.Debug|Any CPU.ActiveCfg = Debug|Any CPU
		{D49AD015-2F5B-4435-B8A8-4965205055C9}.Debug|Any CPU.Build.0 = Debug|Any CPU
		{D49AD015-2F5B-4435-B8A8-4965205055C9}.Release|Any CPU.ActiveCfg = Release|Any CPU
		{D49AD015-2F5B-4435-B8A8-4965205055C9}.Release|Any CPU.Build.0 = Release|Any CPU
	EndGlobalSection
	GlobalSection(SolutionProperties) = preSolution
		HideSolutionNode = FALSE
	EndGlobalSection
	GlobalSection(ExtensibilityGlobals) = postSolution
		SolutionGuid = {EFCA1136-7007-456C-9C10-5F875216849D}
	EndGlobalSection
EndGlobal
